// !$*UTF8*$!
{
	archiveVersion = 1;
	classes = {
	};
	objectVersion = 55;
	objects = {

/* Begin PBXBuildFile section */
		C7DCF6EF27685691000D4738 /* AppDelegate.swift in Sources */ = {isa = PBXBuildFile; fileRef = C7DCF6EE27685691000D4738 /* AppDelegate.swift */; };
		C7DCF6F127685691000D4738 /* SceneDelegate.swift in Sources */ = {isa = PBXBuildFile; fileRef = C7DCF6F027685691000D4738 /* SceneDelegate.swift */; };
		C7DCF6F327685691000D4738 /* ViewController.swift in Sources */ = {isa = PBXBuildFile; fileRef = C7DCF6F227685691000D4738 /* ViewController.swift */; };
		C7DCF6F627685691000D4738 /* Main.storyboard in Resources */ = {isa = PBXBuildFile; fileRef = C7DCF6F427685691000D4738 /* Main.storyboard */; };
		C7DCF6F927685691000D4738 /* ToDoList22.xcdatamodeld in Sources */ = {isa = PBXBuildFile; fileRef = C7DCF6F727685691000D4738 /* ToDoList22.xcdatamodeld */; };
		C7DCF6FB27685694000D4738 /* Assets.xcassets in Resources */ = {isa = PBXBuildFile; fileRef = C7DCF6FA27685694000D4738 /* Assets.xcassets */; };
		C7DCF6FE27685694000D4738 /* LaunchScreen.storyboard in Resources */ = {isa = PBXBuildFile; fileRef = C7DCF6FC27685694000D4738 /* LaunchScreen.storyboard */; };
		C7DCF70727685797000D4738 /* ToDoListItems+CoreDataClass.swift in Sources */ = {isa = PBXBuildFile; fileRef = C7DCF70527685797000D4738 /* ToDoListItems+CoreDataClass.swift */; };
		C7DCF70827685797000D4738 /* ToDoListItems+CoreDataProperties.swift in Sources */ = {isa = PBXBuildFile; fileRef = C7DCF70627685797000D4738 /* ToDoListItems+CoreDataProperties.swift */; };
/* End PBXBuildFile section */

/* Begin PBXFileReference section */
		C7DCF6EB27685691000D4738 /* ToDoList22.app */ = {isa = PBXFileReference; explicitFileType = wrapper.application; includeInIndex = 0; path = ToDoList22.app; sourceTree = BUILT_PRODUCTS_DIR; };
		C7DCF6EE27685691000D4738 /* AppDelegate.swift */ = {isa = PBXFileReference; lastKnownFileType = sourcecode.swift; path = AppDelegate.swift; sourceTree = "<group>"; };
		C7DCF6F027685691000D4738 /* SceneDelegate.swift */ = {isa = PBXFileReference; lastKnownFileType = sourcecode.swift; path = SceneDelegate.swift; sourceTree = "<group>"; };
		C7DCF6F227685691000D4738 /* ViewController.swift */ = {isa = PBXFileReference; lastKnownFileType = sourcecode.swift; path = ViewController.swift; sourceTree = "<group>"; };
		C7DCF6F527685691000D4738 /* Base */ = {isa = PBXFileReference; lastKnownFileType = file.storyboard; name = Base; path = Base.lproj/Main.storyboard; sourceTree = "<group>"; };
		C7DCF6F827685691000D4738 /* ToDoList22.xcdatamodel */ = {isa = PBXFileReference; lastKnownFileType = wrapper.xcdatamodel; path = ToDoList22.xcdatamodel; sourceTree = "<group>"; };
		C7DCF6FA27685694000D4738 /* Assets.xcassets */ = {isa = PBXFileReference; lastKnownFileType = folder.assetcatalog; path = Assets.xcassets; sourceTree = "<group>"; };
		C7DCF6FD27685694000D4738 /* Base */ = {isa = PBXFileReference; lastKnownFileType = file.storyboard; name = Base; path = Base.lproj/LaunchScreen.storyboard; sourceTree = "<group>"; };
		C7DCF6FF27685694000D4738 /* Info.plist */ = {isa = PBXFileReference; lastKnownFileType = text.plist.xml; path = Info.plist; sourceTree = "<group>"; };
		C7DCF70527685797000D4738 /* ToDoListItems+CoreDataClass.swift */ = {isa = PBXFileReference; lastKnownFileType = sourcecode.swift; path = "ToDoListItems+CoreDataClass.swift"; sourceTree = "<group>"; };
		C7DCF70627685797000D4738 /* ToDoListItems+CoreDataProperties.swift */ = {isa = PBXFileReference; lastKnownFileType = sourcecode.swift; path = "ToDoListItems+CoreDataProperties.swift"; sourceTree = "<group>"; };
/* End PBXFileReference section */

/* Begin PBXFrameworksBuildPhase section */
		C7DCF6E827685691000D4738 /* Frameworks */ = {
			isa = PBXFrameworksBuildPhase;
			buildActionMask = 2147483647;
			files = (
			);
			runOnlyForDeploymentPostprocessing = 0;
		};
/* End PBXFrameworksBuildPhase section */

/* Begin PBXGroup section */
		C7DCF6E227685691000D4738 = {
			isa = PBXGroup;
			children = (
				C7DCF70527685797000D4738 /* ToDoListItems+CoreDataClass.swift */,
				C7DCF70627685797000D4738 /* ToDoListItems+CoreDataProperties.swift */,
				C7DCF6ED27685691000D4738 /* ToDoList22 */,
				C7DCF6EC27685691000D4738 /* Products */,
			);
			sourceTree = "<group>";
		};
		C7DCF6EC27685691000D4738 /* Products */ = {
			isa = PBXGroup;
			children = (
				C7DCF6EB27685691000D4738 /* ToDoList22.app */,
			);
			name = Products;
			sourceTree = "<group>";
		};
		C7DCF6ED27685691000D4738 /* ToDoList22 */ = {
			isa = PBXGroup;
			children = (
				C7DCF6EE27685691000D4738 /* AppDelegate.swift */,
				C7DCF6F027685691000D4738 /* SceneDelegate.swift */,
				C7DCF6F227685691000D4738 /* ViewController.swift */,
				C7DCF6F427685691000D4738 /* Main.storyboard */,
				C7DCF6FA27685694000D4738 /* Assets.xcassets */,
				C7DCF6FC27685694000D4738 /* LaunchScreen.storyboard */,
				C7DCF6FF27685694000D4738 /* Info.plist */,
				C7DCF6F727685691000D4738 /* ToDoList22.xcdatamodeld */,
			);
			path = ToDoList22;
			sourceTree = "<group>";
		};
/* End PBXGroup section */

/* Begin PBXNativeTarget section */
		C7DCF6EA27685691000D4738 /* ToDoList22 */ = {
			isa = PBXNativeTarget;
			buildConfigurationList = C7DCF70227685694000D4738 /* Build configuration list for PBXNativeTarget "ToDoList22" */;
			buildPhases = (
				C7DCF6E727685691000D4738 /* Sources */,
				C7DCF6E827685691000D4738 /* Frameworks */,
				C7DCF6E927685691000D4738 /* Resources */,
			);
			buildRules = (
			);
			dependencies = (
			);
			name = ToDoList22;
			productName = ToDoList22;
			productReference = C7DCF6EB27685691000D4738 /* ToDoList22.app */;
			productType = "com.apple.product-type.application";
		};
/* End PBXNativeTarget section */

/* Begin PBXProject section */
		C7DCF6E327685691000D4738 /* Project object */ = {
			isa = PBXProject;
			attributes = {
				BuildIndependentTargetsInParallel = 1;
				LastSwiftUpdateCheck = 1310;
				LastUpgradeCheck = 1310;
				TargetAttributes = {
					C7DCF6EA27685691000D4738 = {
						CreatedOnToolsVersion = 13.1;
					};
				};
			};
			buildConfigurationList = C7DCF6E627685691000D4738 /* Build configuration list for PBXProject "ToDoList22" */;
			compatibilityVersion = "Xcode 13.0";
			developmentRegion = en;
			hasScannedForEncodings = 0;
			knownRegions = (
				en,
				Base,
			);
			mainGroup = C7DCF6E227685691000D4738;
			productRefGroup = C7DCF6EC27685691000D4738 /* Products */;
			projectDirPath = "";
			projectRoot = "";
			targets = (
				C7DCF6EA27685691000D4738 /* ToDoList22 */,
			);
		};
/* End PBXProject section */

/* Begin PBXResourcesBuildPhase section */
		C7DCF6E927685691000D4738 /* Resources */ = {
			isa = PBXResourcesBuildPhase;
			buildActionMask = 2147483647;
			files = (
				C7DCF6FE27685694000D4738 /* LaunchScreen.storyboard in Resources */,
				C7DCF6FB27685694000D4738 /* Assets.xcassets in Resources */,
				C7DCF6F627685691000D4738 /* Main.storyboard in Resources */,
			);
			runOnlyForDeploymentPostprocessing = 0;
		};
/* End PBXResourcesBuildPhase section */

/* Begin PBXSourcesBuildPhase section */
		C7DCF6E727685691000D4738 /* Sources */ = {
			isa = PBXSourcesBuildPhase;
			buildActionMask = 2147483647;
			files = (
				C7DCF70827685797000D4738 /* ToDoListItems+CoreDataProperties.swift in Sources */,
				C7DCF6F327685691000D4738 /* ViewController.swift in Sources */,
				C7DCF70727685797000D4738 /* ToDoListItems+CoreDataClass.swift in Sources */,
				C7DCF6F927685691000D4738 /* ToDoList22.xcdatamodeld in Sources */,
				C7DCF6EF27685691000D4738 /* AppDelegate.swift in Sources */,
				C7DCF6F127685691000D4738 /* SceneDelegate.swift in Sources */,
			);
			runOnlyForDeploymentPostprocessing = 0;
		};
/* End PBXSourcesBuildPhase section */

/* Begin PBXVariantGroup section */
		C7DCF6F427685691000D4738 /* Main.storyboard */ = {
			isa = PBXVariantGroup;
			children = (
				C7DCF6F527685691000D4738 /* Base */,
			);
			name = Main.storyboard;
			sourceTree = "<group>";
		};
		C7DCF6FC27685694000D4738 /* LaunchScreen.storyboard */ = {
			isa = PBXVariantGroup;
			children = (
				C7DCF6FD27685694000D4738 /* Base */,
			);
			name = LaunchScreen.storyboard;
			sourceTree = "<group>";
		};
/* End PBXVariantGroup section */

/* Begin XCBuildConfiguration section */
		C7DCF70027685694000D4738 /* Debug */ = {
			isa = XCBuildConfiguration;
			buildSettings = {
				ALWAYS_SEARCH_USER_PATHS = NO;
				CLANG_ANALYZER_NONNULL = YES;
				CLANG_ANALYZER_NUMBER_OBJECT_CONVERSION = YES_AGGRESSIVE;
				CLANG_CXX_LANGUAGE_STANDARD = "gnu++17";
				CLANG_CXX_LIBRARY = "libc++";
				CLANG_ENABLE_MODULES = YES;
				CLANG_ENABLE_OBJC_ARC = YES;
				CLANG_ENABLE_OBJC_WEAK = YES;
				CLANG_WARN_BLOCK_CAPTURE_AUTORELEASING = YES;
				CLANG_WARN_BOOL_CONVERSION = YES;
				CLANG_WARN_COMMA = YES;
				CLANG_WARN_CONSTANT_CONVERSION = YES;
				CLANG_WARN_DEPRECATED_OBJC_IMPLEMENTATIONS = YES;
				CLANG_WARN_DIRECT_OBJC_ISA_USAGE = YES_ERROR;
				CLANG_WARN_DOCUMENTATION_COMMENTS = YES;
				CLANG_WARN_EMPTY_BODY = YES;
				CLANG_WARN_ENUM_CONVERSION = YES;
				CLANG_WARN_INFINITE_RECURSION = YES;
				CLANG_WARN_INT_CONVERSION = YES;
				CLANG_WARN_NON_LITERAL_NULL_CONVERSION = YES;
				CLANG_WARN_OBJC_IMPLICIT_RETAIN_SELF = YES;
				CLANG_WARN_OBJC_LITERAL_CONVERSION = YES;
				CLANG_WARN_OBJC_ROOT_CLASS = YES_ERROR;
				CLANG_WARN_QUOTED_INCLUDE_IN_FRAMEWORK_HEADER = YES;
				CLANG_WARN_RANGE_LOOP_ANALYSIS = YES;
				CLANG_WARN_STRICT_PROTOTYPES = YES;
				CLANG_WARN_SUSPICIOUS_MOVE = YES;
				CLANG_WARN_UNGUARDED_AVAILABILITY = YES_AGGRESSIVE;
				CLANG_WARN_UNREACHABLE_CODE = YES;
				CLANG_WARN__DUPLICATE_METHOD_MATCH = YES;
				COPY_PHASE_STRIP = NO;
				DEBUG_INFORMATION_FORMAT = dwarf;
				ENABLE_STRICT_OBJC_MSGSEND = YES;
				ENABLE_TESTABILITY = YES;
				GCC_C_LANGUAGE_STANDARD = gnu11;
				GCC_DYNAMIC_NO_PIC = NO;
				GCC_NO_COMMON_BLOCKS = YES;
				GCC_OPTIMIZATION_LEVEL = 0;
				GCC_PREPROCESSOR_DEFINITIONS = (
					"DEBUG=1",
					"$(inherited)",
				);
				GCC_WARN_64_TO_32_BIT_CONVERSION = YES;
				GCC_WARN_ABOUT_RETURN_TYPE = YES_ERROR;
				GCC_WARN_UNDECLARED_SELECTOR = YES;
				GCC_WARN_UNINITIALIZED_AUTOS = YES_AGGRESSIVE;
				GCC_WARN_UNUSED_FUNCTION = YES;
				GCC_WARN_UNUSED_VARIABLE = YES;
				IPHONEOS_DEPLOYMENT_TARGET = 15.0;
				MTL_ENABLE_DEBUG_INFO = INCLUDE_SOURCE;
				MTL_FAST_MATH = YES;
				ONLY_ACTIVE_ARCH = YES;
				SDKROOT = iphoneos;
				SWIFT_ACTIVE_COMPILATION_CONDITIONS = DEBUG;
				SWIFT_OPTIMIZATION_LEVEL = "-Onone";
			};
			name = Debug;
		};
		C7DCF70127685694000D4738 /* Release */ = {
			isa = XCBuildConfiguration;
			buildSettings = {
				ALWAYS_SEARCH_USER_PATHS = NO;
				CLANG_ANALYZER_NONNULL = YES;
				CLANG_ANALYZER_NUMBER_OBJECT_CONVERSION = YES_AGGRESSIVE;
				CLANG_CXX_LANGUAGE_STANDARD = "gnu++17";
				CLANG_CXX_LIBRARY = "libc++";
				CLANG_ENABLE_MODULES = YES;
				CLANG_ENABLE_OBJC_ARC = YES;
				CLANG_ENABLE_OBJC_WEAK = YES;
				CLANG_WARN_BLOCK_CAPTURE_AUTORELEASING = YES;
				CLANG_WARN_BOOL_CONVERSION = YES;
				CLANG_WARN_COMMA = YES;
				CLANG_WARN_CONSTANT_CONVERSION = YES;
				CLANG_WARN_DEPRECATED_OBJC_IMPLEMENTATIONS = YES;
				CLANG_WARN_DIRECT_OBJC_ISA_USAGE = YES_ERROR;
				CLANG_WARN_DOCUMENTATION_COMMENTS = YES;
				CLANG_WARN_EMPTY_BODY = YES;
				CLANG_WARN_ENUM_CONVERSION = YES;
				CLANG_WARN_INFINITE_RECURSION = YES;
				CLANG_WARN_INT_CONVERSION = YES;
				CLANG_WARN_NON_LITERAL_NULL_CONVERSION = YES;
				CLANG_WARN_OBJC_IMPLICIT_RETAIN_SELF = YES;
				CLANG_WARN_OBJC_LITERAL_CONVERSION = YES;
				CLANG_WARN_OBJC_ROOT_CLASS = YES_ERROR;
				CLANG_WARN_QUOTED_INCLUDE_IN_FRAMEWORK_HEADER = YES;
				CLANG_WARN_RANGE_LOOP_ANALYSIS = YES;
				CLANG_WARN_STRICT_PROTOTYPES = YES;
				CLANG_WARN_SUSPICIOUS_MOVE = YES;
				CLANG_WARN_UNGUARDED_AVAILABILITY = YES_AGGRESSIVE;
				CLANG_WARN_UNREACHABLE_CODE = YES;
				CLANG_WARN__DUPLICATE_METHOD_MATCH = YES;
				COPY_PHASE_STRIP = NO;
				DEBUG_INFORMATION_FORMAT = "dwarf-with-dsym";
				ENABLE_NS_ASSERTIONS = NO;
				ENABLE_STRICT_OBJC_MSGSEND = YES;
				GCC_C_LANGUAGE_STANDARD = gnu11;
				GCC_NO_COMMON_BLOCKS = YES;
				GCC_WARN_64_TO_32_BIT_CONVERSION = YES;
				GCC_WARN_ABOUT_RETURN_TYPE = YES_ERROR;
				GCC_WARN_UNDECLARED_SELECTOR = YES;
				GCC_WARN_UNINITIALIZED_AUTOS = YES_AGGRESSIVE;
				GCC_WARN_UNUSED_FUNCTION = YES;
				GCC_WARN_UNUSED_VARIABLE = YES;
				IPHONEOS_DEPLOYMENT_TARGET = 15.0;
				MTL_ENABLE_DEBUG_INFO = NO;
				MTL_FAST_MATH = YES;
				SDKROOT = iphoneos;
				SWIFT_COMPILATION_MODE = wholemodule;
				SWIFT_OPTIMIZATION_LEVEL = "-O";
				VALIDATE_PRODUCT = YES;
			};
			name = Release;
		};
		C7DCF70327685694000D4738 /* Debug */ = {
			isa = XCBuildConfiguration;
			buildSettings = {
				ASSETCATALOG_COMPILER_APPICON_NAME = AppIcon;
				ASSETCATALOG_COMPILER_GLOBAL_ACCENT_COLOR_NAME = AccentColor;
				CODE_SIGN_STYLE = Automatic;
				CURRENT_PROJECT_VERSION = 1;
				DEVELOPMENT_TEAM = HK4X9XWW2T;
				GENERATE_INFOPLIST_FILE = YES;
				INFOPLIST_FILE = ToDoList22/Info.plist;
				INFOPLIST_KEY_UIApplicationSupportsIndirectInputEvents = YES;
				INFOPLIST_KEY_UILaunchStoryboardName = LaunchScreen;
				INFOPLIST_KEY_UIMainStoryboardFile = Main;
				INFOPLIST_KEY_UISupportedInterfaceOrientations_iPad = "UIInterfaceOrientationPortrait UIInterfaceOrientationPortraitUpsideDown UIInterfaceOrientationLandscapeLeft UIInterfaceOrientationLandscapeRight";
				INFOPLIST_KEY_UISupportedInterfaceOrientations_iPhone = "UIInterfaceOrientationPortrait UIInterfaceOrientationLandscapeLeft UIInterfaceOrientationLandscapeRight";
				LD_RUNPATH_SEARCH_PATHS = (
					"$(inherited)",
					"@executable_path/Frameworks",
				);
				MARKETING_VERSION = 1.0;
				PRODUCT_BUNDLE_IDENTIFIER = "Ayub-Ali.ToDoList22";
				PRODUCT_NAME = "$(TARGET_NAME)";
				SWIFT_EMIT_LOC_STRINGS = YES;
				SWIFT_VERSION = 5.0;
				TARGETED_DEVICE_FAMILY = "1,2";
			};
			name = Debug;
		};
		C7DCF70427685694000D4738 /* Release */ = {
			isa = XCBuildConfiguration;
			buildSettings = {
				ASSETCATALOG_COMPILER_APPICON_NAME = AppIcon;
				ASSETCATALOG_COMPILER_GLOBAL_ACCENT_COLOR_NAME = AccentColor;
				CODE_SIGN_STYLE = Automatic;
				CURRENT_PROJECT_VERSION = 1;
				DEVELOPMENT_TEAM = HK4X9XWW2T;
				GENERATE_INFOPLIST_FILE = YES;
				INFOPLIST_FILE = ToDoList22/Info.plist;
				INFOPLIST_KEY_UIApplicationSupportsIndirectInputEvents = YES;
				INFOPLIST_KEY_UILaunchStoryboardName = LaunchScreen;
				INFOPLIST_KEY_UIMainStoryboardFile = Main;
				INFOPLIST_KEY_UISupportedInterfaceOrientations_iPad = "UIInterfaceOrientationPortrait UIInterfaceOrientationPortraitUpsideDown UIInterfaceOrientationLandscapeLeft UIInterfaceOrientationLandscapeRight";
				INFOPLIST_KEY_UISupportedInterfaceOrientations_iPhone = "UIInterfaceOrientationPortrait UIInterfaceOrientationLandscapeLeft UIInterfaceOrientationLandscapeRight";
				LD_RUNPATH_SEARCH_PATHS = (
					"$(inherited)",
					"@executable_path/Frameworks",
				);
				MARKETING_VERSION = 1.0;
				PRODUCT_BUNDLE_IDENTIFIER = "Ayub-Ali.ToDoList22";
				PRODUCT_NAME = "$(TARGET_NAME)";
				SWIFT_EMIT_LOC_STRINGS = YES;
				SWIFT_VERSION = 5.0;
				TARGETED_DEVICE_FAMILY = "1,2";
			};
			name = Release;
		};
/* End XCBuildConfiguration section */

/* Begin XCConfigurationList section */
		C7DCF6E627685691000D4738 /* Build configuration list for PBXProject "ToDoList22" */ = {
			isa = XCConfigurationList;
			buildConfigurations = (
				C7DCF70027685694000D4738 /* Debug */,
				C7DCF70127685694000D4738 /* Release */,
			);
			defaultConfigurationIsVisible = 0;
			defaultConfigurationName = Release;
		};
		C7DCF70227685694000D4738 /* Build configuration list for PBXNativeTarget "ToDoList22" */ = {
			isa = XCConfigurationList;
			buildConfigurations = (
				C7DCF70327685694000D4738 /* Debug */,
				C7DCF70427685694000D4738 /* Release */,
			);
			defaultConfigurationIsVisible = 0;
			defaultConfigurationName = Release;
		};
/* End XCConfigurationList section */

/* Begin XCVersionGroup section */
		C7DCF6F727685691000D4738 /* ToDoList22.xcdatamodeld */ = {
			isa = XCVersionGroup;
			children = (
				C7DCF6F827685691000D4738 /* ToDoList22.xcdatamodel */,
			);
			currentVersion = C7DCF6F827685691000D4738 /* ToDoList22.xcdatamodel */;
			path = ToDoList22.xcdatamodeld;
			sourceTree = "<group>";
			versionGroupType = wrapper.xcdatamodel;
		};
/* End XCVersionGroup section */
	};
	rootObject = C7DCF6E327685691000D4738 /* Project object */;
}
